Microsoft Visual Studio Solution File, Format Version 12.00
# Visual Studio Version 17
VisualStudioVersion = 17.5.2.0
MinimumVisualStudioVersion = 10.0.40219.1
Project("{FAE04EC0-301F-11D3-BF4B-00C04F79EFBC}") = "GateSync.API", "GateSync.API.csproj", "{52094A7B-E743-C306-A09B-AFAA7AC8C272}"
EndProject
Global
	GlobalSection(SolutionConfigurationPlatforms) = preSolution
		Debug|Any CPU = Debug|Any CPU
		Release|Any CPU = Release|Any CPU
	EndGlobalSection
	GlobalSection(ProjectConfigurationPlatforms) = postSolution
		{52094A7B-E743-C306-A09B-AFAA7AC8C272}.Debug|Any CPU.ActiveCfg = Debug|Any CPU
		{52094A7B-E743-C306-A09B-AFAA7AC8C272}.Debug|Any CPU.Build.0 = Debug|Any CPU
		{52094A7B-E743-C306-A09B-AFAA7AC8C272}.Release|Any CPU.ActiveCfg = Release|Any CPU
		{52094A7B-E743-C306-A09B-AFAA7AC8C272}.Release|Any CPU.Build.0 = Release|Any CPU
	EndGlobalSection
	GlobalSection(SolutionProperties) = preSolution
		HideSolutionNode = FALSE
	EndGlobalSection
	GlobalSection(ExtensibilityGlobals) = postSolution
		SolutionGuid = {A02223D0-E95F-45A3-8B64-061028F34581}
	EndGlobalSection
EndGlobal
